
Microsoft Visual Studio Solution File, Format Version 12.00
# Visual Studio Version 17
VisualStudioVersion = 17.8.34408.163
MinimumVisualStudioVersion = 10.0.40219.1
Project("{FAE04EC0-301F-11D3-BF4B-00C04F79EFBC}") = "Hackathon", "Hackathon.csproj", "{A20A41BC-ED33-4DCF-9DFB-13A2C2DB8703}"
EndProject
Global
	GlobalSection(SolutionConfigurationPlatforms) = preSolution
		Debug|Any CPU = Debug|Any CPU
		Release|Any CPU = Release|Any CPU
	EndGlobalSection
	GlobalSection(ProjectConfigurationPlatforms) = postSolution
		{A20A41BC-ED33-4DCF-9DFB-13A2C2DB8703}.Debug|Any CPU.ActiveCfg = Debug|Any CPU
		{A20A41BC-ED33-4DCF-9DFB-13A2C2DB8703}.Debug|Any CPU.Build.0 = Debug|Any CPU
		{A20A41BC-ED33-4DCF-9DFB-13A2C2DB8703}.Release|Any CPU.ActiveCfg = Release|Any CPU
		{A20A41BC-ED33-4DCF-9DFB-13A2C2DB8703}.Release|Any CPU.Build.0 = Release|Any CPU
	EndGlobalSection
	GlobalSection(SolutionProperties) = preSolution
		HideSolutionNode = FALSE
	EndGlobalSection
	GlobalSection(ExtensibilityGlobals) = postSolution
		SolutionGuid = {796AF4CA-BFEC-4010-BF46-96280CE7C1C0}
	EndGlobalSection
EndGlobal
